// !$*UTF8*$!
{
	archiveVersion = 1;
	classes = {
	};
	objectVersion = 46;
	objects = {

/* Begin PBXBuildFile section */
		05F4E9541F15572B008159E9 /* AppDelegate.swift in Sources */ = {isa = PBXBuildFile; fileRef = 05F4E9531F15572B008159E9 /* AppDelegate.swift */; };
		05F4E9561F15572B008159E9 /* ViewController.swift in Sources */ = {isa = PBXBuildFile; fileRef = 05F4E9551F15572B008159E9 /* ViewController.swift */; };
		05F4E9591F15572B008159E9 /* Main.storyboard in Resources */ = {isa = PBXBuildFile; fileRef = 05F4E9571F15572B008159E9 /* Main.storyboard */; };
		05F4E95B1F15572B008159E9 /* Assets.xcassets in Resources */ = {isa = PBXBuildFile; fileRef = 05F4E95A1F15572B008159E9 /* Assets.xcassets */; };
		05F4E95E1F15572B008159E9 /* LaunchScreen.storyboard in Resources */ = {isa = PBXBuildFile; fileRef = 05F4E95C1F15572B008159E9 /* LaunchScreen.storyboard */; };
/* End PBXBuildFile section */

/* Begin PBXFileReference section */
		05F4E9501F15572B008159E9 /* Green.app */ = {isa = PBXFileReference; explicitFileType = wrapper.application; includeInIndex = 0; path = Green.app; sourceTree = BUILT_PRODUCTS_DIR; };
		05F4E9531F15572B008159E9 /* AppDelegate.swift */ = {isa = PBXFileReference; lastKnownFileType = sourcecode.swift; path = AppDelegate.swift; sourceTree = "<group>"; };
		05F4E9551F15572B008159E9 /* ViewController.swift */ = {isa = PBXFileReference; lastKnownFileType = sourcecode.swift; path = ViewController.swift; sourceTree = "<group>"; };
		05F4E9581F15572B008159E9 /* Base */ = {isa = PBXFileReference; lastKnownFileType = file.storyboard; name = Base; path = Base.lproj/Main.storyboard; sourceTree = "<group>"; };
		05F4E95A1F15572B008159E9 /* Assets.xcassets */ = {isa = PBXFileReference; lastKnownFileType = folder.assetcatalog; path = Assets.xcassets; sourceTree = "<group>"; };
		05F4E95D1F15572B008159E9 /* Base */ = {isa = PBXFileReference; lastKnownFileType = file.storyboard; name = Base; path = Base.lproj/LaunchScreen.storyboard; sourceTree = "<group>"; };
		05F4E95F1F15572B008159E9 /* Info.plist */ = {isa = PBXFileReference; lastKnownFileType = text.plist.xml; path = Info.plist; sourceTree = "<group>"; };
/* End PBXFileReference section */

/* Begin PBXFrameworksBuildPhase section */
		05F4E94D1F15572B008159E9 /* Frameworks */ = {
			isa = PBXFrameworksBuildPhase;
			buildActionMask = 2147483647;
			files = (
			);
			runOnlyForDeploymentPostprocessing = 0;
		};
/* End PBXFrameworksBuildPhase section */

/* Begin PBXGroup section */
		05F4E9471F15572B008159E9 = {
			isa = PBXGroup;
			children = (
				05F4E9521F15572B008159E9 /* Green */,
				05F4E9511F15572B008159E9 /* Products */,
			);
			sourceTree = "<group>";
		};
		05F4E9511F15572B008159E9 /* Products */ = {
			isa = PBXGroup;
			children = (
				05F4E9501F15572B008159E9 /* Green.app */,
			);
			name = Products;
			sourceTree = "<group>";
		};
		05F4E9521F15572B008159E9 /* Green */ = {
			isa = PBXGroup;
			children = (
				05F4E9531F15572B008159E9 /* AppDelegate.swift */,
				05F4E9551F15572B008159E9 /* ViewController.swift */,
				05F4E9571F15572B008159E9 /* Main.storyboard */,
				05F4E95A1F15572B008159E9 /* Assets.xcassets */,
				05F4E95C1F15572B008159E9 /* LaunchScreen.storyboard */,
				05F4E95F1F15572B008159E9 /* Info.plist */,
			);
			path = Green;
			sourceTree = "<group>";
		};
/* End PBXGroup section */

/* Begin PBXNativeTarget section */
		05F4E94F1F15572B008159E9 /* Green */ = {
			isa = PBXNativeTarget;
			buildConfigurationList = 05F4E9621F15572B008159E9 /* Build configuration list for PBXNativeTarget "Green" */;
			buildPhases = (
				05F4E94C1F15572B008159E9 /* Sources */,
				05F4E94D1F15572B008159E9 /* Frameworks */,
				05F4E94E1F15572B008159E9 /* Resources */,
			);
			buildRules = (
			);
			dependencies = (
			);
			name = Green;
			productName = Green;
			productReference = 05F4E9501F15572B008159E9 /* Green.app */;
			productType = "com.apple.product-type.application";
		};
/* End PBXNativeTarget section */

/* Begin PBXProject section */
		05F4E9481F15572B008159E9 /* Project object */ = {
			isa = PBXProject;
			attributes = {
				LastSwiftUpdateCheck = 0830;
				LastUpgradeCheck = 0830;
				ORGANIZATIONNAME = lam;
				TargetAttributes = {
					05F4E94F1F15572B008159E9 = {
						CreatedOnToolsVersion = 8.3.3;
						ProvisioningStyle = Automatic;
					};
				};
			};
			buildConfigurationList = 05F4E94B1F15572B008159E9 /* Build configuration list for PBXProject "Green" */;
			compatibilityVersion = "Xcode 3.2";
			developmentRegion = English;
			hasScannedForEncodings = 0;
			knownRegions = (
				en,
				Base,
			);
			mainGroup = 05F4E9471F15572B008159E9;
			productRefGroup = 05F4E9511F15572B008159E9 /* Products */;
			projectDirPath = "";
			projectRoot = "";
			targets = (
				05F4E94F1F15572B008159E9 /* Green */,
			);
		};
/* End PBXProject section */

/* Begin PBXResourcesBuildPhase section */
		05F4E94E1F15572B008159E9 /* Resources */ = {
			isa = PBXResourcesBuildPhase;
			buildActionMask = 2147483647;
			files = (
				05F4E95E1F15572B008159E9 /* LaunchScreen.storyboard in Resources */,
				05F4E95B1F15572B008159E9 /* Assets.xcassets in Resources */,
				05F4E9591F15572B008159E9 /* Main.storyboard in Resources */,
			);
			runOnlyForDeploymentPostprocessing = 0;
		};
/* End PBXResourcesBuildPhase section */

/* Begin PBXSourcesBuildPhase section */
		05F4E94C1F15572B008159E9 /* Sources */ = {
			isa = PBXSourcesBuildPhase;
			buildActionMask = 2147483647;
			files = (
				05F4E9561F15572B008159E9 /* ViewController.swift in Sources */,
				05F4E9541F15572B008159E9 /* AppDelegate.swift in Sources */,
			);
			runOnlyForDeploymentPostprocessing = 0;
		};
/* End PBXSourcesBuildPhase section */

/* Begin PBXVariantGroup section */
		05F4E9571F15572B008159E9 /* Main.storyboard */ = {
			isa = PBXVariantGroup;
			children = (
				05F4E9581F15572B008159E9 /* Base */,
			);
			name = Main.storyboard;
			sourceTree = "<group>";
		};
		05F4E95C1F15572B008159E9 /* LaunchScreen.storyboard */ = {
			isa = PBXVariantGroup;
			children = (
				05F4E95D1F15572B008159E9 /* Base */,
			);
			name = LaunchScreen.storyboard;
			sourceTree = "<group>";
		};
/* End PBXVariantGroup section */

/* Begin XCBuildConfiguration section */
		05F4E9601F15572B008159E9 /* Debug */ = {
			isa = XCBuildConfiguration;
			buildSettings = {
				ALWAYS_SEARCH_USER_PATHS = NO;
				CLANG_ANALYZER_NONNULL = YES;
				CLANG_ANALYZER_NUMBER_OBJECT_CONVERSION = YES_AGGRESSIVE;
				CLANG_CXX_LANGUAGE_STANDARD = "gnu++0x";
				CLANG_CXX_LIBRARY = "libc++";
				CLANG_ENABLE_MODULES = YES;
				CLANG_ENABLE_OBJC_ARC = YES;
				CLANG_WARN_BOOL_CONVERSION = YES;
				CLANG_WARN_CONSTANT_CONVERSION = YES;
				CLANG_WARN_DIRECT_OBJC_ISA_USAGE = YES_ERROR;
				CLANG_WARN_DOCUMENTATION_COMMENTS = YES;
				CLANG_WARN_EMPTY_BODY = YES;
				CLANG_WARN_ENUM_CONVERSION = YES;
				CLANG_WARN_INFINITE_RECURSION = YES;
				CLANG_WARN_INT_CONVERSION = YES;
				CLANG_WARN_OBJC_ROOT_CLASS = YES_ERROR;
				CLANG_WARN_SUSPICIOUS_MOVE = YES;
				CLANG_WARN_UNREACHABLE_CODE = YES;
				CLANG_WARN__DUPLICATE_METHOD_MATCH = YES;
				"CODE_SIGN_IDENTITY[sdk=iphoneos*]" = "iPhone Developer";
				COPY_PHASE_STRIP = NO;
				DEBUG_INFORMATION_FORMAT = dwarf;
				ENABLE_STRICT_OBJC_MSGSEND = YES;
				ENABLE_TESTABILITY = YES;
				GCC_C_LANGUAGE_STANDARD = gnu99;
				GCC_DYNAMIC_NO_PIC = NO;
				GCC_NO_COMMON_BLOCKS = YES;
				GCC_OPTIMIZATION_LEVEL = 0;
				GCC_PREPROCESSOR_DEFINITIONS = (
					"DEBUG=1",
					"$(inherited)",
				);
				GCC_WARN_64_TO_32_BIT_CONVERSION = YES;
				GCC_WARN_ABOUT_RETURN_TYPE = YES_ERROR;
				GCC_WARN_UNDECLARED_SELECTOR = YES;
				GCC_WARN_UNINITIALIZED_AUTOS = YES_AGGRESSIVE;
				GCC_WARN_UNUSED_FUNCTION = YES;
				GCC_WARN_UNUSED_VARIABLE = YES;
				IPHONEOS_DEPLOYMENT_TARGET = 10.3;
				MTL_ENABLE_DEBUG_INFO = YES;
				ONLY_ACTIVE_ARCH = YES;
				SDKROOT = iphoneos;
				SWIFT_ACTIVE_COMPILATION_CONDITIONS = DEBUG;
				SWIFT_OPTIMIZATION_LEVEL = "-Onone";
			};
			name = Debug;
		};
		05F4E9611F15572B008159E9 /* Release */ = {
			isa = XCBuildConfiguration;
			buildSettings = {
				ALWAYS_SEARCH_USER_PATHS = NO;
				CLANG_ANALYZER_NONNULL = YES;
				CLANG_ANALYZER_NUMBER_OBJECT_CONVERSION = YES_AGGRESSIVE;
				CLANG_CXX_LANGUAGE_STANDARD = "gnu++0x";
				CLANG_CXX_LIBRARY = "libc++";
				CLANG_ENABLE_MODULES = YES;
				CLANG_ENABLE_OBJC_ARC = YES;
				CLANG_WARN_BOOL_CONVERSION = YES;
				CLANG_WARN_CONSTANT_CONVERSION = YES;
				CLANG_WARN_DIRECT_OBJC_ISA_USAGE = YES_ERROR;
				CLANG_WARN_DOCUMENTATION_COMMENTS = YES;
				CLANG_WARN_EMPTY_BODY = YES;
				CLANG_WARN_ENUM_CONVERSION = YES;
				CLANG_WARN_INFINITE_RECURSION = YES;
				CLANG_WARN_INT_CONVERSION = YES;
				CLANG_WARN_OBJC_ROOT_CLASS = YES_ERROR;
				CLANG_WARN_SUSPICIOUS_MOVE = YES;
				CLANG_WARN_UNREACHABLE_CODE = YES;
				CLANG_WARN__DUPLICATE_METHOD_MATCH = YES;
				"CODE_SIGN_IDENTITY[sdk=iphoneos*]" = "iPhone Developer";
				COPY_PHASE_STRIP = NO;
				DEBUG_INFORMATION_FORMAT = "dwarf-with-dsym";
				ENABLE_NS_ASSERTIONS = NO;
				ENABLE_STRICT_OBJC_MSGSEND = YES;
				GCC_C_LANGUAGE_STANDARD = gnu99;
				GCC_NO_COMMON_BLOCKS = YES;
				GCC_WARN_64_TO_32_BIT_CONVERSION = YES;
				GCC_WARN_ABOUT_RETURN_TYPE = YES_ERROR;
				GCC_WARN_UNDECLARED_SELECTOR = YES;
				GCC_WARN_UNINITIALIZED_AUTOS = YES_AGGRESSIVE;
				GCC_WARN_UNUSED_FUNCTION = YES;
				GCC_WARN_UNUSED_VARIABLE = YES;
				IPHONEOS_DEPLOYMENT_TARGET = 10.3;
				MTL_ENABLE_DEBUG_INFO = NO;
				SDKROOT = iphoneos;
				SWIFT_OPTIMIZATION_LEVEL = "-Owholemodule";
				VALIDATE_PRODUCT = YES;
			};
			name = Release;
		};
		05F4E9631F15572B008159E9 /* Debug */ = {
			isa = XCBuildConfiguration;
			buildSettings = {
				ASSETCATALOG_COMPILER_APPICON_NAME = AppIcon;
				INFOPLIST_FILE = Green/Info.plist;
				LD_RUNPATH_SEARCH_PATHS = "$(inherited) @executable_path/Frameworks";
				PRODUCT_BUNDLE_IDENTIFIER = com.lamo.Green;
				PRODUCT_NAME = "$(TARGET_NAME)";
				SWIFT_VERSION = 3.0;
			};
			name = Debug;
		};
		05F4E9641F15572B008159E9 /* Release */ = {
			isa = XCBuildConfiguration;
			buildSettings = {
				ASSETCATALOG_COMPILER_APPICON_NAME = AppIcon;
				INFOPLIST_FILE = Green/Info.plist;
				LD_RUNPATH_SEARCH_PATHS = "$(inherited) @executable_path/Frameworks";
				PRODUCT_BUNDLE_IDENTIFIER = com.lamo.Green;
				PRODUCT_NAME = "$(TARGET_NAME)";
				SWIFT_VERSION = 3.0;
			};
			name = Release;
		};
/* End XCBuildConfiguration section */

/* Begin XCConfigurationList section */
		05F4E94B1F15572B008159E9 /* Build configuration list for PBXProject "Green" */ = {
			isa = XCConfigurationList;
			buildConfigurations = (
				05F4E9601F15572B008159E9 /* Debug */,
				05F4E9611F15572B008159E9 /* Release */,
			);
			defaultConfigurationIsVisible = 0;
			defaultConfigurationName = Release;
		};
		05F4E9621F15572B008159E9 /* Build configuration list for PBXNativeTarget "Green" */ = {
			isa = XCConfigurationList;
			buildConfigurations = (
				05F4E9631F15572B008159E9 /* Debug */,
				05F4E9641F15572B008159E9 /* Release */,
			);
			defaultConfigurationIsVisible = 0;
		};
/* End XCConfigurationList section */
	};
	rootObject = 05F4E9481F15572B008159E9 /* Project object */;
}
