// !$*UTF8*$!
{
	archiveVersion = 1;
	classes = {
	};
	objectVersion = 46;
	objects = {

/* Begin PBXBuildFile section */
		05082B8F1F16A8E800A4415B /* UserProfile.swift in Sources */ = {isa = PBXBuildFile; fileRef = 05082B8E1F16A8E800A4415B /* UserProfile.swift */; };
		050C48E71F22774A0011D712 /* Login.storyboard in Resources */ = {isa = PBXBuildFile; fileRef = 050C48E61F22774A0011D712 /* Login.storyboard */; };
		050C48EB1F229ADD0011D712 /* UIStoryboardExtensions.swift in Sources */ = {isa = PBXBuildFile; fileRef = 050C48EA1F229ADD0011D712 /* UIStoryboardExtensions.swift */; };
		0512D8A71F2673C000EE6B0B /* Reward.swift in Sources */ = {isa = PBXBuildFile; fileRef = 0512D8A61F2673C000EE6B0B /* Reward.swift */; };
		0512D8AC1F26851300EE6B0B /* RewardCell.swift in Sources */ = {isa = PBXBuildFile; fileRef = 0512D8AB1F26851300EE6B0B /* RewardCell.swift */; };
		0512D8C01F26995A00EE6B0B /* AppToolbarController.swift in Sources */ = {isa = PBXBuildFile; fileRef = 0512D8BB1F26995A00EE6B0B /* AppToolbarController.swift */; };
		0512D8C11F26995A00EE6B0B /* AppNavigationDrawerController.swift in Sources */ = {isa = PBXBuildFile; fileRef = 0512D8BC1F26995A00EE6B0B /* AppNavigationDrawerController.swift */; };
		0512D8C21F26995A00EE6B0B /* LeftViewController.swift in Sources */ = {isa = PBXBuildFile; fileRef = 0512D8BD1F26995A00EE6B0B /* LeftViewController.swift */; };
		0512D8C41F26996300EE6B0B /* AppFABMenuController.swift in Sources */ = {isa = PBXBuildFile; fileRef = 0512D8C31F26996300EE6B0B /* AppFABMenuController.swift */; };
		051DBFCA1F1FCB03004066ED /* Introduction.storyboard in Resources */ = {isa = PBXBuildFile; fileRef = 051DBFC91F1FCB03004066ED /* Introduction.storyboard */; };
		051DBFCE1F1FF6D2004066ED /* TreeVerifier.swift in Sources */ = {isa = PBXBuildFile; fileRef = 051DBFCD1F1FF6D2004066ED /* TreeVerifier.swift */; };
		052FF1271F3E2AFF001C03CF /* Credit.storyboard in Resources */ = {isa = PBXBuildFile; fileRef = 052FF1261F3E2AFF001C03CF /* Credit.storyboard */; };
		053460271F2918E000F88A21 /* PhotoCollectionViewCell.swift in Sources */ = {isa = PBXBuildFile; fileRef = 053460261F2918E000F88A21 /* PhotoCollectionViewCell.swift */; };
		0534602A1F291D0A00F88A21 /* AppNavigationController.swift in Sources */ = {isa = PBXBuildFile; fileRef = 053460291F291D0A00F88A21 /* AppNavigationController.swift */; };
		0534602C1F291F3B00F88A21 /* Photo.storyboard in Resources */ = {isa = PBXBuildFile; fileRef = 0534602B1F291F3B00F88A21 /* Photo.storyboard */; };
		053460301F2932E800F88A21 /* PhotoViewController.swift in Sources */ = {isa = PBXBuildFile; fileRef = 0534602F1F2932E800F88A21 /* PhotoViewController.swift */; };
		0536AB8B1F156F7C00A14C6C /* Main.storyboard in Resources */ = {isa = PBXBuildFile; fileRef = 0536AB891F156F7C00A14C6C /* Main.storyboard */; };
		053893A91F3A369F00B33536 /* NotificationService.swift in Sources */ = {isa = PBXBuildFile; fileRef = 053893A81F3A369F00B33536 /* NotificationService.swift */; };
		0564D9241F2A9A08003DFC4A /* TreeStages.swift in Sources */ = {isa = PBXBuildFile; fileRef = 0564D9231F2A9A08003DFC4A /* TreeStages.swift */; };
		0564D9261F2A9CF9003DFC4A /* WaterViewController.swift in Sources */ = {isa = PBXBuildFile; fileRef = 0564D9251F2A9CF9003DFC4A /* WaterViewController.swift */; };
		058B772F1F183D9A00F44FCE /* GoogleService-Info.plist in Resources */ = {isa = PBXBuildFile; fileRef = 058B772E1F183D9A00F44FCE /* GoogleService-Info.plist */; };
		05A84CEC1F1571940018C4C4 /* HomeViewController.swift in Sources */ = {isa = PBXBuildFile; fileRef = 05A84CEB1F1571940018C4C4 /* HomeViewController.swift */; };
		05B38F291F3A6BD400C57F2B /* WaterService.swift in Sources */ = {isa = PBXBuildFile; fileRef = 05B38F281F3A6BD400C57F2B /* WaterService.swift */; };
		05C1B6801F2023C100E6EFDD /* UIextension.swift in Sources */ = {isa = PBXBuildFile; fileRef = 05C1B67F1F2023C100E6EFDD /* UIextension.swift */; };
		05E21ACE1F27B97500ED8627 /* CreditViewController.swift in Sources */ = {isa = PBXBuildFile; fileRef = 05E21ACD1F27B97500ED8627 /* CreditViewController.swift */; };
		05E21AD01F27E59900ED8627 /* RewardService.swift in Sources */ = {isa = PBXBuildFile; fileRef = 05E21ACF1F27E59900ED8627 /* RewardService.swift */; };
		05E21AD31F27FAE200ED8627 /* AppSnackbarController.swift in Sources */ = {isa = PBXBuildFile; fileRef = 05E21AD21F27FAE200ED8627 /* AppSnackbarController.swift */; };
		05E21ADB1F28113500ED8627 /* PhotoCollectionViewController.swift in Sources */ = {isa = PBXBuildFile; fileRef = 05E21AD71F28113500ED8627 /* PhotoCollectionViewController.swift */; };
		05E21ADC1F28113500ED8627 /* ProfileViewController.swift in Sources */ = {isa = PBXBuildFile; fileRef = 05E21AD81F28113500ED8627 /* ProfileViewController.swift */; };
		05E21ADD1F28113500ED8627 /* IntroductionViewController.swift in Sources */ = {isa = PBXBuildFile; fileRef = 05E21AD91F28113500ED8627 /* IntroductionViewController.swift */; };
		05E21ADE1F28113500ED8627 /* TreeViewController.swift in Sources */ = {isa = PBXBuildFile; fileRef = 05E21ADA1F28113500ED8627 /* TreeViewController.swift */; };
		05EFBE391F19827D009DE0C4 /* StorageService.swift in Sources */ = {isa = PBXBuildFile; fileRef = 05EFBE381F19827D009DE0C4 /* StorageService.swift */; };
		05EFBE3F1F19843F009DE0C4 /* TreeService.swift in Sources */ = {isa = PBXBuildFile; fileRef = 05EFBE3E1F19843F009DE0C4 /* TreeService.swift */; };
		05EFBE421F1991B0009DE0C4 /* StorageExtensions.swift in Sources */ = {isa = PBXBuildFile; fileRef = 05EFBE411F1991B0009DE0C4 /* StorageExtensions.swift */; };
		05F0383F1F17FA31004C335D /* MainTabBarViewController.swift in Sources */ = {isa = PBXBuildFile; fileRef = 05F0383E1F17FA31004C335D /* MainTabBarViewController.swift */; };
		05F038421F181FF2004C335D /* PhotoHelper.swift in Sources */ = {isa = PBXBuildFile; fileRef = 05F038411F181FF2004C335D /* PhotoHelper.swift */; };
		05F038441F182F35004C335D /* Launch Screen.storyboard in Resources */ = {isa = PBXBuildFile; fileRef = 05F038431F182F35004C335D /* Launch Screen.storyboard */; };
		05F038481F183505004C335D /* TreeInfo.swift in Sources */ = {isa = PBXBuildFile; fileRef = 05F038471F183505004C335D /* TreeInfo.swift */; };
		05F4E9541F15572B008159E9 /* AppDelegate.swift in Sources */ = {isa = PBXBuildFile; fileRef = 05F4E9531F15572B008159E9 /* AppDelegate.swift */; };
		05F4E95B1F15572B008159E9 /* Assets.xcassets in Resources */ = {isa = PBXBuildFile; fileRef = 05F4E95A1F15572B008159E9 /* Assets.xcassets */; };
		877F844B118AEEE5CBA8B4EA /* Pods_Green.framework in Frameworks */ = {isa = PBXBuildFile; fileRef = EC7F489DBDCB1FF058BAB36D /* Pods_Green.framework */; };
/* End PBXBuildFile section */

/* Begin PBXFileReference section */
		05082B8E1F16A8E800A4415B /* UserProfile.swift */ = {isa = PBXFileReference; fileEncoding = 4; lastKnownFileType = sourcecode.swift; name = UserProfile.swift; path = models/UserProfile.swift; sourceTree = "<group>"; };
		050C48E61F22774A0011D712 /* Login.storyboard */ = {isa = PBXFileReference; fileEncoding = 4; lastKnownFileType = file.storyboard; name = Login.storyboard; path = storyboards/Login.storyboard; sourceTree = "<group>"; };
		050C48EA1F229ADD0011D712 /* UIStoryboardExtensions.swift */ = {isa = PBXFileReference; fileEncoding = 4; lastKnownFileType = sourcecode.swift; name = UIStoryboardExtensions.swift; path = extensions/UIStoryboardExtensions.swift; sourceTree = "<group>"; };
		0512D8A61F2673C000EE6B0B /* Reward.swift */ = {isa = PBXFileReference; fileEncoding = 4; lastKnownFileType = sourcecode.swift; name = Reward.swift; path = models/Reward.swift; sourceTree = "<group>"; };
		0512D8AB1F26851300EE6B0B /* RewardCell.swift */ = {isa = PBXFileReference; fileEncoding = 4; lastKnownFileType = sourcecode.swift; name = RewardCell.swift; path = views/RewardCell.swift; sourceTree = "<group>"; };
		0512D8BB1F26995A00EE6B0B /* AppToolbarController.swift */ = {isa = PBXFileReference; fileEncoding = 4; lastKnownFileType = sourcecode.swift; name = AppToolbarController.swift; path = controllers/navigationDrawer/AppToolbarController.swift; sourceTree = "<group>"; };
		0512D8BC1F26995A00EE6B0B /* AppNavigationDrawerController.swift */ = {isa = PBXFileReference; fileEncoding = 4; lastKnownFileType = sourcecode.swift; name = AppNavigationDrawerController.swift; path = controllers/navigationDrawer/AppNavigationDrawerController.swift; sourceTree = "<group>"; };
		0512D8BD1F26995A00EE6B0B /* LeftViewController.swift */ = {isa = PBXFileReference; fileEncoding = 4; lastKnownFileType = sourcecode.swift; name = LeftViewController.swift; path = controllers/navigationDrawer/LeftViewController.swift; sourceTree = "<group>"; };
		0512D8C31F26996300EE6B0B /* AppFABMenuController.swift */ = {isa = PBXFileReference; fileEncoding = 4; lastKnownFileType = sourcecode.swift; name = AppFABMenuController.swift; path = controllers/fabMenuController/AppFABMenuController.swift; sourceTree = "<group>"; };
		051DBFC91F1FCB03004066ED /* Introduction.storyboard */ = {isa = PBXFileReference; fileEncoding = 4; lastKnownFileType = file.storyboard; name = Introduction.storyboard; path = storyboards/Introduction.storyboard; sourceTree = "<group>"; };
		051DBFCD1F1FF6D2004066ED /* TreeVerifier.swift */ = {isa = PBXFileReference; fileEncoding = 4; lastKnownFileType = sourcecode.swift; name = TreeVerifier.swift; path = services/TreeVerifier.swift; sourceTree = "<group>"; };
		052FF1261F3E2AFF001C03CF /* Credit.storyboard */ = {isa = PBXFileReference; fileEncoding = 4; lastKnownFileType = file.storyboard; name = Credit.storyboard; path = storyboards/Credit.storyboard; sourceTree = "<group>"; };
		053460261F2918E000F88A21 /* PhotoCollectionViewCell.swift */ = {isa = PBXFileReference; fileEncoding = 4; lastKnownFileType = sourcecode.swift; name = PhotoCollectionViewCell.swift; path = views/PhotoCollectionViewCell.swift; sourceTree = "<group>"; };
		053460291F291D0A00F88A21 /* AppNavigationController.swift */ = {isa = PBXFileReference; fileEncoding = 4; lastKnownFileType = sourcecode.swift; name = AppNavigationController.swift; path = controllers/navigationController/AppNavigationController.swift; sourceTree = "<group>"; };
		0534602B1F291F3B00F88A21 /* Photo.storyboard */ = {isa = PBXFileReference; fileEncoding = 4; lastKnownFileType = file.storyboard; name = Photo.storyboard; path = storyboards/Photo.storyboard; sourceTree = "<group>"; };
		0534602F1F2932E800F88A21 /* PhotoViewController.swift */ = {isa = PBXFileReference; fileEncoding = 4; lastKnownFileType = sourcecode.swift; name = PhotoViewController.swift; path = controllers/PhotoViewController.swift; sourceTree = "<group>"; };
		0536AB891F156F7C00A14C6C /* Main.storyboard */ = {isa = PBXFileReference; fileEncoding = 4; lastKnownFileType = file.storyboard; name = Main.storyboard; path = storyboards/Main.storyboard; sourceTree = "<group>"; };
		0536AB8E1F156F9E00A14C6C /* Info.plist */ = {isa = PBXFileReference; fileEncoding = 4; lastKnownFileType = text.plist.xml; name = Info.plist; path = supporting/Info.plist; sourceTree = "<group>"; };
		053893A81F3A369F00B33536 /* NotificationService.swift */ = {isa = PBXFileReference; fileEncoding = 4; lastKnownFileType = sourcecode.swift; name = NotificationService.swift; path = services/NotificationService.swift; sourceTree = "<group>"; };
		0553938A1F1ED9CD005664A7 /* Green.entitlements */ = {isa = PBXFileReference; lastKnownFileType = text.plist.entitlements; path = Green.entitlements; sourceTree = "<group>"; };
		0564D9231F2A9A08003DFC4A /* TreeStages.swift */ = {isa = PBXFileReference; fileEncoding = 4; lastKnownFileType = sourcecode.swift; name = TreeStages.swift; path = models/TreeStages.swift; sourceTree = "<group>"; };
		0564D9251F2A9CF9003DFC4A /* WaterViewController.swift */ = {isa = PBXFileReference; fileEncoding = 4; lastKnownFileType = sourcecode.swift; name = WaterViewController.swift; path = controllers/tabBarController/WaterViewController.swift; sourceTree = "<group>"; };
		058B772E1F183D9A00F44FCE /* GoogleService-Info.plist */ = {isa = PBXFileReference; fileEncoding = 4; lastKnownFileType = text.plist.xml; name = "GoogleService-Info.plist"; path = "supporting/GoogleService-Info.plist"; sourceTree = "<group>"; };
		05A84CEB1F1571940018C4C4 /* HomeViewController.swift */ = {isa = PBXFileReference; fileEncoding = 4; lastKnownFileType = sourcecode.swift; name = HomeViewController.swift; path = controllers/HomeViewController.swift; sourceTree = "<group>"; };
		05B38F281F3A6BD400C57F2B /* WaterService.swift */ = {isa = PBXFileReference; fileEncoding = 4; lastKnownFileType = sourcecode.swift; name = WaterService.swift; path = services/WaterService.swift; sourceTree = "<group>"; };
		05C1B67F1F2023C100E6EFDD /* UIextension.swift */ = {isa = PBXFileReference; fileEncoding = 4; lastKnownFileType = sourcecode.swift; name = UIextension.swift; path = extensions/UIextension.swift; sourceTree = "<group>"; };
		05E21ACD1F27B97500ED8627 /* CreditViewController.swift */ = {isa = PBXFileReference; fileEncoding = 4; lastKnownFileType = sourcecode.swift; name = CreditViewController.swift; path = controllers/navigationDrawer/CreditViewController.swift; sourceTree = "<group>"; };
		05E21ACF1F27E59900ED8627 /* RewardService.swift */ = {isa = PBXFileReference; fileEncoding = 4; lastKnownFileType = sourcecode.swift; name = RewardService.swift; path = services/RewardService.swift; sourceTree = "<group>"; };
		05E21AD21F27FAE200ED8627 /* AppSnackbarController.swift */ = {isa = PBXFileReference; fileEncoding = 4; lastKnownFileType = sourcecode.swift; name = AppSnackbarController.swift; path = controllers/snackbarController/AppSnackbarController.swift; sourceTree = "<group>"; };
		05E21AD71F28113500ED8627 /* PhotoCollectionViewController.swift */ = {isa = PBXFileReference; fileEncoding = 4; lastKnownFileType = sourcecode.swift; name = PhotoCollectionViewController.swift; path = controllers/tabBarController/PhotoCollectionViewController.swift; sourceTree = "<group>"; };
		05E21AD81F28113500ED8627 /* ProfileViewController.swift */ = {isa = PBXFileReference; fileEncoding = 4; lastKnownFileType = sourcecode.swift; name = ProfileViewController.swift; path = controllers/tabBarController/ProfileViewController.swift; sourceTree = "<group>"; };
		05E21AD91F28113500ED8627 /* IntroductionViewController.swift */ = {isa = PBXFileReference; fileEncoding = 4; lastKnownFileType = sourcecode.swift; name = IntroductionViewController.swift; path = controllers/tabBarController/IntroductionViewController.swift; sourceTree = "<group>"; };
		05E21ADA1F28113500ED8627 /* TreeViewController.swift */ = {isa = PBXFileReference; fileEncoding = 4; lastKnownFileType = sourcecode.swift; name = TreeViewController.swift; path = controllers/tabBarController/TreeViewController.swift; sourceTree = "<group>"; };
		05EFBE381F19827D009DE0C4 /* StorageService.swift */ = {isa = PBXFileReference; fileEncoding = 4; lastKnownFileType = sourcecode.swift; name = StorageService.swift; path = services/StorageService.swift; sourceTree = "<group>"; };
		05EFBE3E1F19843F009DE0C4 /* TreeService.swift */ = {isa = PBXFileReference; fileEncoding = 4; lastKnownFileType = sourcecode.swift; name = TreeService.swift; path = services/TreeService.swift; sourceTree = "<group>"; };
		05EFBE411F1991B0009DE0C4 /* StorageExtensions.swift */ = {isa = PBXFileReference; fileEncoding = 4; lastKnownFileType = sourcecode.swift; name = StorageExtensions.swift; path = extensions/StorageExtensions.swift; sourceTree = "<group>"; };
		05F0383E1F17FA31004C335D /* MainTabBarViewController.swift */ = {isa = PBXFileReference; fileEncoding = 4; lastKnownFileType = sourcecode.swift; name = MainTabBarViewController.swift; path = controllers/MainTabBarViewController.swift; sourceTree = "<group>"; };
		05F038411F181FF2004C335D /* PhotoHelper.swift */ = {isa = PBXFileReference; fileEncoding = 4; lastKnownFileType = sourcecode.swift; name = PhotoHelper.swift; path = helpers/PhotoHelper.swift; sourceTree = "<group>"; };
		05F038431F182F35004C335D /* Launch Screen.storyboard */ = {isa = PBXFileReference; fileEncoding = 4; lastKnownFileType = file.storyboard; name = "Launch Screen.storyboard"; path = "storyboards/Launch Screen.storyboard"; sourceTree = "<group>"; };
		05F038471F183505004C335D /* TreeInfo.swift */ = {isa = PBXFileReference; fileEncoding = 4; lastKnownFileType = sourcecode.swift; name = TreeInfo.swift; path = models/TreeInfo.swift; sourceTree = "<group>"; };
		05F4E9501F15572B008159E9 /* Green.app */ = {isa = PBXFileReference; explicitFileType = wrapper.application; includeInIndex = 0; path = Green.app; sourceTree = BUILT_PRODUCTS_DIR; };
		05F4E9531F15572B008159E9 /* AppDelegate.swift */ = {isa = PBXFileReference; lastKnownFileType = sourcecode.swift; path = AppDelegate.swift; sourceTree = "<group>"; };
		05F4E95A1F15572B008159E9 /* Assets.xcassets */ = {isa = PBXFileReference; lastKnownFileType = folder.assetcatalog; path = Assets.xcassets; sourceTree = "<group>"; };
		4097F313CB34D1712FADACE6 /* Pods-Green.debug.xcconfig */ = {isa = PBXFileReference; includeInIndex = 1; lastKnownFileType = text.xcconfig; name = "Pods-Green.debug.xcconfig"; path = "Pods/Target Support Files/Pods-Green/Pods-Green.debug.xcconfig"; sourceTree = "<group>"; };
		D9D40F12586E7EABE0D9517E /* Pods-Green.release.xcconfig */ = {isa = PBXFileReference; includeInIndex = 1; lastKnownFileType = text.xcconfig; name = "Pods-Green.release.xcconfig"; path = "Pods/Target Support Files/Pods-Green/Pods-Green.release.xcconfig"; sourceTree = "<group>"; };
		EC7F489DBDCB1FF058BAB36D /* Pods_Green.framework */ = {isa = PBXFileReference; explicitFileType = wrapper.framework; includeInIndex = 0; path = Pods_Green.framework; sourceTree = BUILT_PRODUCTS_DIR; };
/* End PBXFileReference section */

/* Begin PBXFrameworksBuildPhase section */
		05F4E94D1F15572B008159E9 /* Frameworks */ = {
			isa = PBXFrameworksBuildPhase;
			buildActionMask = 2147483647;
			files = (
				877F844B118AEEE5CBA8B4EA /* Pods_Green.framework in Frameworks */,
			);
			runOnlyForDeploymentPostprocessing = 0;
		};
/* End PBXFrameworksBuildPhase section */

/* Begin PBXGroup section */
		0512D8A81F267CC800EE6B0B /* views */ = {
			isa = PBXGroup;
			children = (
				053460261F2918E000F88A21 /* PhotoCollectionViewCell.swift */,
				0512D8AB1F26851300EE6B0B /* RewardCell.swift */,
			);
			name = views;
			sourceTree = "<group>";
		};
		0512D8B71F26994600EE6B0B /* fabMenu */ = {
			isa = PBXGroup;
			children = (
				0512D8C31F26996300EE6B0B /* AppFABMenuController.swift */,
			);
			name = fabMenu;
			sourceTree = "<group>";
		};
		0512D8B81F26994D00EE6B0B /* navigation */ = {
			isa = PBXGroup;
			children = (
				05E21ACD1F27B97500ED8627 /* CreditViewController.swift */,
				0512D8BB1F26995A00EE6B0B /* AppToolbarController.swift */,
				0512D8BC1F26995A00EE6B0B /* AppNavigationDrawerController.swift */,
				0512D8BD1F26995A00EE6B0B /* LeftViewController.swift */,
			);
			name = navigation;
			sourceTree = "<group>";
		};
		053460281F291CC500F88A21 /* navigationController */ = {
			isa = PBXGroup;
			children = (
				053460291F291D0A00F88A21 /* AppNavigationController.swift */,
			);
			name = navigationController;
			sourceTree = "<group>";
		};
		0536AB831F156F4000A14C6C /* controllers */ = {
			isa = PBXGroup;
			children = (
				053460281F291CC500F88A21 /* navigationController */,
				05E21AD61F28112800ED8627 /* tabbarController */,
				05E21AD11F27F8E800ED8627 /* snackbarController */,
				0512D8B81F26994D00EE6B0B /* navigation */,
				0512D8B71F26994600EE6B0B /* fabMenu */,
				05A84CEB1F1571940018C4C4 /* HomeViewController.swift */,
				05F0383E1F17FA31004C335D /* MainTabBarViewController.swift */,
			);
			name = controllers;
			sourceTree = "<group>";
		};
		0536AB841F156F4500A14C6C /* storyboards */ = {
			isa = PBXGroup;
			children = (
				0536AB891F156F7C00A14C6C /* Main.storyboard */,
				0534602B1F291F3B00F88A21 /* Photo.storyboard */,
				050C48E61F22774A0011D712 /* Login.storyboard */,
				051DBFC91F1FCB03004066ED /* Introduction.storyboard */,
				05F038431F182F35004C335D /* Launch Screen.storyboard */,
				052FF1261F3E2AFF001C03CF /* Credit.storyboard */,
			);
			name = storyboards;
			sourceTree = "<group>";
		};
		0536AB851F156F4D00A14C6C /* models */ = {
			isa = PBXGroup;
			children = (
				05F038471F183505004C335D /* TreeInfo.swift */,
				05082B8E1F16A8E800A4415B /* UserProfile.swift */,
				0512D8A61F2673C000EE6B0B /* Reward.swift */,
				0564D9231F2A9A08003DFC4A /* TreeStages.swift */,
			);
			name = models;
			sourceTree = "<group>";
		};
		0536AB871F156F6700A14C6C /* supporting */ = {
			isa = PBXGroup;
			children = (
				058B772E1F183D9A00F44FCE /* GoogleService-Info.plist */,
				0536AB8E1F156F9E00A14C6C /* Info.plist */,
			);
			name = supporting;
			sourceTree = "<group>";
		};
		05E21AD11F27F8E800ED8627 /* snackbarController */ = {
			isa = PBXGroup;
			children = (
				05E21AD21F27FAE200ED8627 /* AppSnackbarController.swift */,
			);
			name = snackbarController;
			sourceTree = "<group>";
		};
		05E21AD61F28112800ED8627 /* tabbarController */ = {
			isa = PBXGroup;
			children = (
				05E21AD71F28113500ED8627 /* PhotoCollectionViewController.swift */,
				05E21AD81F28113500ED8627 /* ProfileViewController.swift */,
				05E21AD91F28113500ED8627 /* IntroductionViewController.swift */,
				05E21ADA1F28113500ED8627 /* TreeViewController.swift */,
				0534602F1F2932E800F88A21 /* PhotoViewController.swift */,
				0564D9251F2A9CF9003DFC4A /* WaterViewController.swift */,
			);
			name = tabbarController;
			sourceTree = "<group>";
		};
		05EFBE351F19824F009DE0C4 /* services */ = {
			isa = PBXGroup;
			children = (
				05EFBE3E1F19843F009DE0C4 /* TreeService.swift */,
				05EFBE381F19827D009DE0C4 /* StorageService.swift */,
				051DBFCD1F1FF6D2004066ED /* TreeVerifier.swift */,
				05E21ACF1F27E59900ED8627 /* RewardService.swift */,
				053893A81F3A369F00B33536 /* NotificationService.swift */,
				05B38F281F3A6BD400C57F2B /* WaterService.swift */,
			);
			name = services;
			sourceTree = "<group>";
		};
		05EFBE401F199192009DE0C4 /* extensions */ = {
			isa = PBXGroup;
			children = (
				05EFBE411F1991B0009DE0C4 /* StorageExtensions.swift */,
				05C1B67F1F2023C100E6EFDD /* UIextension.swift */,
				050C48EA1F229ADD0011D712 /* UIStoryboardExtensions.swift */,
			);
			name = extensions;
			sourceTree = "<group>";
		};
		05F038401F181F6B004C335D /* helpers */ = {
			isa = PBXGroup;
			children = (
				05F038411F181FF2004C335D /* PhotoHelper.swift */,
			);
			name = helpers;
			sourceTree = "<group>";
		};
		05F4E9471F15572B008159E9 = {
			isa = PBXGroup;
			children = (
				05F4E9521F15572B008159E9 /* Green */,
				05F4E9511F15572B008159E9 /* Products */,
				6CA3D3803C12C9957D66581E /* Pods */,
				536DB065B0DD55ED24B101D2 /* Frameworks */,
			);
			sourceTree = "<group>";
		};
		05F4E9511F15572B008159E9 /* Products */ = {
			isa = PBXGroup;
			children = (
				05F4E9501F15572B008159E9 /* Green.app */,
			);
			name = Products;
			sourceTree = "<group>";
		};
		05F4E9521F15572B008159E9 /* Green */ = {
			isa = PBXGroup;
			children = (
				0512D8A81F267CC800EE6B0B /* views */,
				0553938A1F1ED9CD005664A7 /* Green.entitlements */,
				05EFBE401F199192009DE0C4 /* extensions */,
				05EFBE351F19824F009DE0C4 /* services */,
				05F038401F181F6B004C335D /* helpers */,
				0536AB871F156F6700A14C6C /* supporting */,
				0536AB851F156F4D00A14C6C /* models */,
				0536AB841F156F4500A14C6C /* storyboards */,
				0536AB831F156F4000A14C6C /* controllers */,
				05F4E9531F15572B008159E9 /* AppDelegate.swift */,
				05F4E95A1F15572B008159E9 /* Assets.xcassets */,
			);
			path = Green;
			sourceTree = "<group>";
		};
		536DB065B0DD55ED24B101D2 /* Frameworks */ = {
			isa = PBXGroup;
			children = (
				EC7F489DBDCB1FF058BAB36D /* Pods_Green.framework */,
			);
			name = Frameworks;
			sourceTree = "<group>";
		};
		6CA3D3803C12C9957D66581E /* Pods */ = {
			isa = PBXGroup;
			children = (
				4097F313CB34D1712FADACE6 /* Pods-Green.debug.xcconfig */,
				D9D40F12586E7EABE0D9517E /* Pods-Green.release.xcconfig */,
			);
			name = Pods;
			sourceTree = "<group>";
		};
/* End PBXGroup section */

/* Begin PBXNativeTarget section */
		05F4E94F1F15572B008159E9 /* Green */ = {
			isa = PBXNativeTarget;
			buildConfigurationList = 05F4E9621F15572B008159E9 /* Build configuration list for PBXNativeTarget "Green" */;
			buildPhases = (
				73CA8472394720ECB178729A /* [CP] Check Pods Manifest.lock */,
				05F4E94C1F15572B008159E9 /* Sources */,
				05F4E94D1F15572B008159E9 /* Frameworks */,
				05F4E94E1F15572B008159E9 /* Resources */,
				1675BF912B4D5974D9DED5C3 /* [CP] Embed Pods Frameworks */,
				AFD2F3C76D172B31816E3B3C /* [CP] Copy Pods Resources */,
			);
			buildRules = (
			);
			dependencies = (
			);
			name = Green;
			productName = Green;
			productReference = 05F4E9501F15572B008159E9 /* Green.app */;
			productType = "com.apple.product-type.application";
		};
/* End PBXNativeTarget section */

/* Begin PBXProject section */
		05F4E9481F15572B008159E9 /* Project object */ = {
			isa = PBXProject;
			attributes = {
				LastSwiftUpdateCheck = 0830;
				LastUpgradeCheck = 0830;
				ORGANIZATIONNAME = lam;
				TargetAttributes = {
					05F4E94F1F15572B008159E9 = {
						CreatedOnToolsVersion = 8.3.3;
						DevelopmentTeam = 9CL97632BB;
						ProvisioningStyle = Automatic;
						SystemCapabilities = {
							com.apple.Keychain = {
								enabled = 1;
							};
							com.apple.Push = {
								enabled = 1;
							};
							com.apple.WAC = {
								enabled = 0;
							};
						};
					};
				};
			};
			buildConfigurationList = 05F4E94B1F15572B008159E9 /* Build configuration list for PBXProject "Green" */;
			compatibilityVersion = "Xcode 3.2";
			developmentRegion = English;
			hasScannedForEncodings = 0;
			knownRegions = (
				en,
				Base,
			);
			mainGroup = 05F4E9471F15572B008159E9;
			productRefGroup = 05F4E9511F15572B008159E9 /* Products */;
			projectDirPath = "";
			projectRoot = "";
			targets = (
				05F4E94F1F15572B008159E9 /* Green */,
			);
		};
/* End PBXProject section */

/* Begin PBXResourcesBuildPhase section */
		05F4E94E1F15572B008159E9 /* Resources */ = {
			isa = PBXResourcesBuildPhase;
			buildActionMask = 2147483647;
			files = (
				0534602C1F291F3B00F88A21 /* Photo.storyboard in Resources */,
				051DBFCA1F1FCB03004066ED /* Introduction.storyboard in Resources */,
				05F038441F182F35004C335D /* Launch Screen.storyboard in Resources */,
				052FF1271F3E2AFF001C03CF /* Credit.storyboard in Resources */,
				058B772F1F183D9A00F44FCE /* GoogleService-Info.plist in Resources */,
				0536AB8B1F156F7C00A14C6C /* Main.storyboard in Resources */,
				050C48E71F22774A0011D712 /* Login.storyboard in Resources */,
				05F4E95B1F15572B008159E9 /* Assets.xcassets in Resources */,
			);
			runOnlyForDeploymentPostprocessing = 0;
		};
/* End PBXResourcesBuildPhase section */

/* Begin PBXShellScriptBuildPhase section */
		1675BF912B4D5974D9DED5C3 /* [CP] Embed Pods Frameworks */ = {
			isa = PBXShellScriptBuildPhase;
			buildActionMask = 2147483647;
			files = (
			);
			inputPaths = (
			);
			name = "[CP] Embed Pods Frameworks";
			outputPaths = (
			);
			runOnlyForDeploymentPostprocessing = 0;
			shellPath = /bin/sh;
			shellScript = "\"${SRCROOT}/Pods/Target Support Files/Pods-Green/Pods-Green-frameworks.sh\"\n";
			showEnvVarsInLog = 0;
		};
		73CA8472394720ECB178729A /* [CP] Check Pods Manifest.lock */ = {
			isa = PBXShellScriptBuildPhase;
			buildActionMask = 2147483647;
			files = (
			);
			inputPaths = (
			);
			name = "[CP] Check Pods Manifest.lock";
			outputPaths = (
			);
			runOnlyForDeploymentPostprocessing = 0;
			shellPath = /bin/sh;
			shellScript = "diff \"${PODS_PODFILE_DIR_PATH}/Podfile.lock\" \"${PODS_ROOT}/Manifest.lock\" > /dev/null\nif [ $? != 0 ] ; then\n    # print error to STDERR\n    echo \"error: The sandbox is not in sync with the Podfile.lock. Run 'pod install' or update your CocoaPods installation.\" >&2\n    exit 1\nfi\n";
			showEnvVarsInLog = 0;
		};
		AFD2F3C76D172B31816E3B3C /* [CP] Copy Pods Resources */ = {
			isa = PBXShellScriptBuildPhase;
			buildActionMask = 2147483647;
			files = (
			);
			inputPaths = (
			);
			name = "[CP] Copy Pods Resources";
			outputPaths = (
			);
			runOnlyForDeploymentPostprocessing = 0;
			shellPath = /bin/sh;
			shellScript = "\"${SRCROOT}/Pods/Target Support Files/Pods-Green/Pods-Green-resources.sh\"\n";
			showEnvVarsInLog = 0;
		};
/* End PBXShellScriptBuildPhase section */

/* Begin PBXSourcesBuildPhase section */
		05F4E94C1F15572B008159E9 /* Sources */ = {
			isa = PBXSourcesBuildPhase;
			buildActionMask = 2147483647;
			files = (
				05E21AD31F27FAE200ED8627 /* AppSnackbarController.swift in Sources */,
				05B38F291F3A6BD400C57F2B /* WaterService.swift in Sources */,
				053460271F2918E000F88A21 /* PhotoCollectionViewCell.swift in Sources */,
				0564D9261F2A9CF9003DFC4A /* WaterViewController.swift in Sources */,
				05082B8F1F16A8E800A4415B /* UserProfile.swift in Sources */,
				05F4E9541F15572B008159E9 /* AppDelegate.swift in Sources */,
				05E21AD01F27E59900ED8627 /* RewardService.swift in Sources */,
				05EFBE3F1F19843F009DE0C4 /* TreeService.swift in Sources */,
				053893A91F3A369F00B33536 /* NotificationService.swift in Sources */,
				0512D8C11F26995A00EE6B0B /* AppNavigationDrawerController.swift in Sources */,
				05EFBE421F1991B0009DE0C4 /* StorageExtensions.swift in Sources */,
				0512D8C21F26995A00EE6B0B /* LeftViewController.swift in Sources */,
				05E21ACE1F27B97500ED8627 /* CreditViewController.swift in Sources */,
				05C1B6801F2023C100E6EFDD /* UIextension.swift in Sources */,
				05F038421F181FF2004C335D /* PhotoHelper.swift in Sources */,
				0512D8C01F26995A00EE6B0B /* AppToolbarController.swift in Sources */,
				051DBFCE1F1FF6D2004066ED /* TreeVerifier.swift in Sources */,
				0512D8C41F26996300EE6B0B /* AppFABMenuController.swift in Sources */,
				05EFBE391F19827D009DE0C4 /* StorageService.swift in Sources */,
				05E21ADC1F28113500ED8627 /* ProfileViewController.swift in Sources */,
				05E21ADD1F28113500ED8627 /* IntroductionViewController.swift in Sources */,
				0534602A1F291D0A00F88A21 /* AppNavigationController.swift in Sources */,
				05F0383F1F17FA31004C335D /* MainTabBarViewController.swift in Sources */,
				05F038481F183505004C335D /* TreeInfo.swift in Sources */,
				0512D8A71F2673C000EE6B0B /* Reward.swift in Sources */,
				05A84CEC1F1571940018C4C4 /* HomeViewController.swift in Sources */,
				050C48EB1F229ADD0011D712 /* UIStoryboardExtensions.swift in Sources */,
				05E21ADE1F28113500ED8627 /* TreeViewController.swift in Sources */,
				053460301F2932E800F88A21 /* PhotoViewController.swift in Sources */,
				0512D8AC1F26851300EE6B0B /* RewardCell.swift in Sources */,
				05E21ADB1F28113500ED8627 /* PhotoCollectionViewController.swift in Sources */,
				0564D9241F2A9A08003DFC4A /* TreeStages.swift in Sources */,
			);
			runOnlyForDeploymentPostprocessing = 0;
		};
/* End PBXSourcesBuildPhase section */

/* Begin XCBuildConfiguration section */
		05F4E9601F15572B008159E9 /* Debug */ = {
			isa = XCBuildConfiguration;
			buildSettings = {
				ALWAYS_SEARCH_USER_PATHS = NO;
				CLANG_ANALYZER_NONNULL = YES;
				CLANG_ANALYZER_NUMBER_OBJECT_CONVERSION = YES_AGGRESSIVE;
				CLANG_CXX_LANGUAGE_STANDARD = "gnu++0x";
				CLANG_CXX_LIBRARY = "libc++";
				CLANG_ENABLE_MODULES = YES;
				CLANG_ENABLE_OBJC_ARC = YES;
				CLANG_WARN_BOOL_CONVERSION = YES;
				CLANG_WARN_CONSTANT_CONVERSION = YES;
				CLANG_WARN_DIRECT_OBJC_ISA_USAGE = YES_ERROR;
				CLANG_WARN_DOCUMENTATION_COMMENTS = YES;
				CLANG_WARN_EMPTY_BODY = YES;
				CLANG_WARN_ENUM_CONVERSION = YES;
				CLANG_WARN_INFINITE_RECURSION = YES;
				CLANG_WARN_INT_CONVERSION = YES;
				CLANG_WARN_OBJC_ROOT_CLASS = YES_ERROR;
				CLANG_WARN_SUSPICIOUS_MOVE = YES;
				CLANG_WARN_UNREACHABLE_CODE = YES;
				CLANG_WARN__DUPLICATE_METHOD_MATCH = YES;
				"CODE_SIGN_IDENTITY[sdk=iphoneos*]" = "iPhone Developer";
				COPY_PHASE_STRIP = NO;
				DEBUG_INFORMATION_FORMAT = dwarf;
				ENABLE_STRICT_OBJC_MSGSEND = YES;
				ENABLE_TESTABILITY = YES;
				GCC_C_LANGUAGE_STANDARD = gnu99;
				GCC_DYNAMIC_NO_PIC = NO;
				GCC_NO_COMMON_BLOCKS = YES;
				GCC_OPTIMIZATION_LEVEL = 0;
				GCC_PREPROCESSOR_DEFINITIONS = (
					"DEBUG=1",
					"$(inherited)",
				);
				GCC_WARN_64_TO_32_BIT_CONVERSION = YES;
				GCC_WARN_ABOUT_RETURN_TYPE = YES_ERROR;
				GCC_WARN_UNDECLARED_SELECTOR = YES;
				GCC_WARN_UNINITIALIZED_AUTOS = YES_AGGRESSIVE;
				GCC_WARN_UNUSED_FUNCTION = YES;
				GCC_WARN_UNUSED_VARIABLE = YES;
				IPHONEOS_DEPLOYMENT_TARGET = 10.3;
				MTL_ENABLE_DEBUG_INFO = YES;
				ONLY_ACTIVE_ARCH = YES;
				SDKROOT = iphoneos;
				SWIFT_ACTIVE_COMPILATION_CONDITIONS = DEBUG;
				SWIFT_OPTIMIZATION_LEVEL = "-Onone";
			};
			name = Debug;
		};
		05F4E9611F15572B008159E9 /* Release */ = {
			isa = XCBuildConfiguration;
			buildSettings = {
				ALWAYS_SEARCH_USER_PATHS = NO;
				CLANG_ANALYZER_NONNULL = YES;
				CLANG_ANALYZER_NUMBER_OBJECT_CONVERSION = YES_AGGRESSIVE;
				CLANG_CXX_LANGUAGE_STANDARD = "gnu++0x";
				CLANG_CXX_LIBRARY = "libc++";
				CLANG_ENABLE_MODULES = YES;
				CLANG_ENABLE_OBJC_ARC = YES;
				CLANG_WARN_BOOL_CONVERSION = YES;
				CLANG_WARN_CONSTANT_CONVERSION = YES;
				CLANG_WARN_DIRECT_OBJC_ISA_USAGE = YES_ERROR;
				CLANG_WARN_DOCUMENTATION_COMMENTS = YES;
				CLANG_WARN_EMPTY_BODY = YES;
				CLANG_WARN_ENUM_CONVERSION = YES;
				CLANG_WARN_INFINITE_RECURSION = YES;
				CLANG_WARN_INT_CONVERSION = YES;
				CLANG_WARN_OBJC_ROOT_CLASS = YES_ERROR;
				CLANG_WARN_SUSPICIOUS_MOVE = YES;
				CLANG_WARN_UNREACHABLE_CODE = YES;
				CLANG_WARN__DUPLICATE_METHOD_MATCH = YES;
				"CODE_SIGN_IDENTITY[sdk=iphoneos*]" = "iPhone Developer";
				COPY_PHASE_STRIP = NO;
				DEBUG_INFORMATION_FORMAT = "dwarf-with-dsym";
				ENABLE_NS_ASSERTIONS = NO;
				ENABLE_STRICT_OBJC_MSGSEND = YES;
				GCC_C_LANGUAGE_STANDARD = gnu99;
				GCC_NO_COMMON_BLOCKS = YES;
				GCC_WARN_64_TO_32_BIT_CONVERSION = YES;
				GCC_WARN_ABOUT_RETURN_TYPE = YES_ERROR;
				GCC_WARN_UNDECLARED_SELECTOR = YES;
				GCC_WARN_UNINITIALIZED_AUTOS = YES_AGGRESSIVE;
				GCC_WARN_UNUSED_FUNCTION = YES;
				GCC_WARN_UNUSED_VARIABLE = YES;
				IPHONEOS_DEPLOYMENT_TARGET = 10.3;
				MTL_ENABLE_DEBUG_INFO = NO;
				SDKROOT = iphoneos;
				SWIFT_OPTIMIZATION_LEVEL = "-Owholemodule";
				VALIDATE_PRODUCT = YES;
			};
			name = Release;
		};
		05F4E9631F15572B008159E9 /* Debug */ = {
			isa = XCBuildConfiguration;
			baseConfigurationReference = 4097F313CB34D1712FADACE6 /* Pods-Green.debug.xcconfig */;
			buildSettings = {
				ASSETCATALOG_COMPILER_APPICON_NAME = AppIcon;
				CODE_SIGN_ENTITLEMENTS = Green/Green.entitlements;
				DEVELOPMENT_TEAM = 9CL97632BB;
				INFOPLIST_FILE = "$(SRCROOT)/Green/supporting/Info.plist";
				LD_RUNPATH_SEARCH_PATHS = "$(inherited) @executable_path/Frameworks";
				PRODUCT_BUNDLE_IDENTIFIER = com.tunglam.Green;
				PRODUCT_NAME = "$(TARGET_NAME)";
				SWIFT_VERSION = 3.0;
			};
			name = Debug;
		};
		05F4E9641F15572B008159E9 /* Release */ = {
			isa = XCBuildConfiguration;
			baseConfigurationReference = D9D40F12586E7EABE0D9517E /* Pods-Green.release.xcconfig */;
			buildSettings = {
				ASSETCATALOG_COMPILER_APPICON_NAME = AppIcon;
				CODE_SIGN_ENTITLEMENTS = Green/Green.entitlements;
				DEVELOPMENT_TEAM = 9CL97632BB;
				INFOPLIST_FILE = "$(SRCROOT)/Green/supporting/Info.plist";
				LD_RUNPATH_SEARCH_PATHS = "$(inherited) @executable_path/Frameworks";
				PRODUCT_BUNDLE_IDENTIFIER = com.tunglam.Green;
				PRODUCT_NAME = "$(TARGET_NAME)";
				SWIFT_VERSION = 3.0;
			};
			name = Release;
		};
/* End XCBuildConfiguration section */

/* Begin XCConfigurationList section */
		05F4E94B1F15572B008159E9 /* Build configuration list for PBXProject "Green" */ = {
			isa = XCConfigurationList;
			buildConfigurations = (
				05F4E9601F15572B008159E9 /* Debug */,
				05F4E9611F15572B008159E9 /* Release */,
			);
			defaultConfigurationIsVisible = 0;
			defaultConfigurationName = Release;
		};
		05F4E9621F15572B008159E9 /* Build configuration list for PBXNativeTarget "Green" */ = {
			isa = XCConfigurationList;
			buildConfigurations = (
				05F4E9631F15572B008159E9 /* Debug */,
				05F4E9641F15572B008159E9 /* Release */,
			);
			defaultConfigurationIsVisible = 0;
			defaultConfigurationName = Release;
		};
/* End XCConfigurationList section */
	};
	rootObject = 05F4E9481F15572B008159E9 /* Project object */;
}
